// !$*UTF8*$!
{
	archiveVersion = 1;
	classes = {
	};
	objectVersion = 50;
	objects = {

/* Begin PBXBuildFile section */
		840A6E6D22EC0DD30087B7DA /* intro.html in Resources */ = {isa = PBXBuildFile; fileRef = 840A6E6C22EC0DD30087B7DA /* intro.html */; };
		849F7D1122E977EB00B34C83 /* Data.swift in Sources */ = {isa = PBXBuildFile; fileRef = 849F7D1022E977EB00B34C83 /* Data.swift */; };
		849F7D1322EA7F7000B34C83 /* MainScreenViewController.swift in Sources */ = {isa = PBXBuildFile; fileRef = 849F7D1222EA7F7000B34C83 /* MainScreenViewController.swift */; };
		84A6F9C622E92B73000A118F /* AppDelegate.swift in Sources */ = {isa = PBXBuildFile; fileRef = 84A6F9C522E92B73000A118F /* AppDelegate.swift */; };
		84A6F9C822E92B73000A118F /* ViewController.swift in Sources */ = {isa = PBXBuildFile; fileRef = 84A6F9C722E92B73000A118F /* ViewController.swift */; };
		84A6F9CB22E92B73000A118F /* Main.storyboard in Resources */ = {isa = PBXBuildFile; fileRef = 84A6F9C922E92B73000A118F /* Main.storyboard */; };
		84A6F9CD22E92B76000A118F /* Assets.xcassets in Resources */ = {isa = PBXBuildFile; fileRef = 84A6F9CC22E92B76000A118F /* Assets.xcassets */; };
		84A6F9D022E92B76000A118F /* LaunchScreen.storyboard in Resources */ = {isa = PBXBuildFile; fileRef = 84A6F9CE22E92B76000A118F /* LaunchScreen.storyboard */; };
		84A6F9DB22E94C4B000A118F /* InstructionsViewController.swift in Sources */ = {isa = PBXBuildFile; fileRef = 84A6F9DA22E94C4B000A118F /* InstructionsViewController.swift */; };
/* End PBXBuildFile section */

/* Begin PBXFileReference section */
		840A6E6C22EC0DD30087B7DA /* intro.html */ = {isa = PBXFileReference; fileEncoding = 4; lastKnownFileType = text.html; path = intro.html; sourceTree = "<group>"; };
		849F7D1022E977EB00B34C83 /* Data.swift */ = {isa = PBXFileReference; lastKnownFileType = sourcecode.swift; path = Data.swift; sourceTree = "<group>"; };
		849F7D1222EA7F7000B34C83 /* MainScreenViewController.swift */ = {isa = PBXFileReference; lastKnownFileType = sourcecode.swift; path = MainScreenViewController.swift; sourceTree = "<group>"; };
		84A6F9C222E92B73000A118F /* Testing.app */ = {isa = PBXFileReference; explicitFileType = wrapper.application; includeInIndex = 0; path = Testing.app; sourceTree = BUILT_PRODUCTS_DIR; };
		84A6F9C522E92B73000A118F /* AppDelegate.swift */ = {isa = PBXFileReference; lastKnownFileType = sourcecode.swift; path = AppDelegate.swift; sourceTree = "<group>"; };
		84A6F9C722E92B73000A118F /* ViewController.swift */ = {isa = PBXFileReference; lastKnownFileType = sourcecode.swift; path = ViewController.swift; sourceTree = "<group>"; };
		84A6F9CA22E92B73000A118F /* Base */ = {isa = PBXFileReference; lastKnownFileType = file.storyboard; name = Base; path = Base.lproj/Main.storyboard; sourceTree = "<group>"; };
		84A6F9CC22E92B76000A118F /* Assets.xcassets */ = {isa = PBXFileReference; lastKnownFileType = folder.assetcatalog; path = Assets.xcassets; sourceTree = "<group>"; };
		84A6F9CF22E92B76000A118F /* Base */ = {isa = PBXFileReference; lastKnownFileType = file.storyboard; name = Base; path = Base.lproj/LaunchScreen.storyboard; sourceTree = "<group>"; };
		84A6F9D122E92B76000A118F /* Info.plist */ = {isa = PBXFileReference; lastKnownFileType = text.plist.xml; path = Info.plist; sourceTree = "<group>"; };
		84A6F9DA22E94C4B000A118F /* InstructionsViewController.swift */ = {isa = PBXFileReference; lastKnownFileType = sourcecode.swift; path = InstructionsViewController.swift; sourceTree = "<group>"; };
/* End PBXFileReference section */

/* Begin PBXFrameworksBuildPhase section */
		84A6F9BF22E92B73000A118F /* Frameworks */ = {
			isa = PBXFrameworksBuildPhase;
			buildActionMask = 2147483647;
			files = (
			);
			runOnlyForDeploymentPostprocessing = 0;
		};
/* End PBXFrameworksBuildPhase section */

/* Begin PBXGroup section */
		849F7D0F22E9760300B34C83 /* Data */ = {
			isa = PBXGroup;
			children = (
				849F7D1022E977EB00B34C83 /* Data.swift */,
			);
			path = Data;
			sourceTree = "<group>";
		};
		84A6F9B922E92B73000A118F = {
			isa = PBXGroup;
			children = (
				84A6F9C422E92B73000A118F /* Testing */,
				84A6F9C322E92B73000A118F /* Products */,
			);
			sourceTree = "<group>";
		};
		84A6F9C322E92B73000A118F /* Products */ = {
			isa = PBXGroup;
			children = (
				84A6F9C222E92B73000A118F /* Testing.app */,
			);
			name = Products;
			sourceTree = "<group>";
		};
		84A6F9C422E92B73000A118F /* Testing */ = {
			isa = PBXGroup;
			children = (
				849F7D0F22E9760300B34C83 /* Data */,
				84A6F9C522E92B73000A118F /* AppDelegate.swift */,
				84A6F9C722E92B73000A118F /* ViewController.swift */,
				84A6F9C922E92B73000A118F /* Main.storyboard */,
				84A6F9CC22E92B76000A118F /* Assets.xcassets */,
				84A6F9CE22E92B76000A118F /* LaunchScreen.storyboard */,
				84A6F9D122E92B76000A118F /* Info.plist */,
				84A6F9DA22E94C4B000A118F /* InstructionsViewController.swift */,
				849F7D1222EA7F7000B34C83 /* MainScreenViewController.swift */,
				840A6E6C22EC0DD30087B7DA /* intro.html */,
			);
			path = Testing;
			sourceTree = "<group>";
		};
/* End PBXGroup section */

/* Begin PBXNativeTarget section */
		84A6F9C122E92B73000A118F /* Testing */ = {
			isa = PBXNativeTarget;
			buildConfigurationList = 84A6F9D422E92B76000A118F /* Build configuration list for PBXNativeTarget "Testing" */;
			buildPhases = (
				84A6F9BE22E92B73000A118F /* Sources */,
				84A6F9BF22E92B73000A118F /* Frameworks */,
				84A6F9C022E92B73000A118F /* Resources */,
			);
			buildRules = (
			);
			dependencies = (
			);
			name = Testing;
			productName = Testing;
			productReference = 84A6F9C222E92B73000A118F /* Testing.app */;
			productType = "com.apple.product-type.application";
		};
/* End PBXNativeTarget section */

/* Begin PBXProject section */
		84A6F9BA22E92B73000A118F /* Project object */ = {
			isa = PBXProject;
			attributes = {
				LastSwiftUpdateCheck = 1030;
				LastUpgradeCheck = 1030;
				ORGANIZATIONNAME = Lalit;
				TargetAttributes = {
					84A6F9C122E92B73000A118F = {
						CreatedOnToolsVersion = 10.3;
					};
				};
			};
			buildConfigurationList = 84A6F9BD22E92B73000A118F /* Build configuration list for PBXProject "Testing" */;
			compatibilityVersion = "Xcode 9.3";
			developmentRegion = en;
			hasScannedForEncodings = 0;
			knownRegions = (
				en,
				Base,
			);
			mainGroup = 84A6F9B922E92B73000A118F;
			productRefGroup = 84A6F9C322E92B73000A118F /* Products */;
			projectDirPath = "";
			projectRoot = "";
			targets = (
				84A6F9C122E92B73000A118F /* Testing */,
			);
		};
/* End PBXProject section */

/* Begin PBXResourcesBuildPhase section */
		84A6F9C022E92B73000A118F /* Resources */ = {
			isa = PBXResourcesBuildPhase;
			buildActionMask = 2147483647;
			files = (
				84A6F9D022E92B76000A118F /* LaunchScreen.storyboard in Resources */,
				840A6E6D22EC0DD30087B7DA /* intro.html in Resources */,
				84A6F9CD22E92B76000A118F /* Assets.xcassets in Resources */,
				84A6F9CB22E92B73000A118F /* Main.storyboard in Resources */,
			);
			runOnlyForDeploymentPostprocessing = 0;
		};
/* End PBXResourcesBuildPhase section */

/* Begin PBXSourcesBuildPhase section */
		84A6F9BE22E92B73000A118F /* Sources */ = {
			isa = PBXSourcesBuildPhase;
			buildActionMask = 2147483647;
			files = (
				849F7D1322EA7F7000B34C83 /* MainScreenViewController.swift in Sources */,
				84A6F9DB22E94C4B000A118F /* InstructionsViewController.swift in Sources */,
				84A6F9C822E92B73000A118F /* ViewController.swift in Sources */,
				84A6F9C622E92B73000A118F /* AppDelegate.swift in Sources */,
				849F7D1122E977EB00B34C83 /* Data.swift in Sources */,
			);
			runOnlyForDeploymentPostprocessing = 0;
		};
/* End PBXSourcesBuildPhase section */

/* Begin PBXVariantGroup section */
		84A6F9C922E92B73000A118F /* Main.storyboard */ = {
			isa = PBXVariantGroup;
			children = (
				84A6F9CA22E92B73000A118F /* Base */,
			);
			name = Main.storyboard;
			sourceTree = "<group>";
		};
		84A6F9CE22E92B76000A118F /* LaunchScreen.storyboard */ = {
			isa = PBXVariantGroup;
			children = (
				84A6F9CF22E92B76000A118F /* Base */,
			);
			name = LaunchScreen.storyboard;
			sourceTree = "<group>";
		};
/* End PBXVariantGroup section */

/* Begin XCBuildConfiguration section */
		84A6F9D222E92B76000A118F /* Debug */ = {
			isa = XCBuildConfiguration;
			buildSettings = {
				ALWAYS_SEARCH_USER_PATHS = NO;
				CLANG_ANALYZER_NONNULL = YES;
				CLANG_ANALYZER_NUMBER_OBJECT_CONVERSION = YES_AGGRESSIVE;
				CLANG_CXX_LANGUAGE_STANDARD = "gnu++14";
				CLANG_CXX_LIBRARY = "libc++";
				CLANG_ENABLE_MODULES = YES;
				CLANG_ENABLE_OBJC_ARC = YES;
				CLANG_ENABLE_OBJC_WEAK = YES;
				CLANG_WARN_BLOCK_CAPTURE_AUTORELEASING = YES;
				CLANG_WARN_BOOL_CONVERSION = YES;
				CLANG_WARN_COMMA = YES;
				CLANG_WARN_CONSTANT_CONVERSION = YES;
				CLANG_WARN_DEPRECATED_OBJC_IMPLEMENTATIONS = YES;
				CLANG_WARN_DIRECT_OBJC_ISA_USAGE = YES_ERROR;
				CLANG_WARN_DOCUMENTATION_COMMENTS = YES;
				CLANG_WARN_EMPTY_BODY = YES;
				CLANG_WARN_ENUM_CONVERSION = YES;
				CLANG_WARN_INFINITE_RECURSION = YES;
				CLANG_WARN_INT_CONVERSION = YES;
				CLANG_WARN_NON_LITERAL_NULL_CONVERSION = YES;
				CLANG_WARN_OBJC_IMPLICIT_RETAIN_SELF = YES;
				CLANG_WARN_OBJC_LITERAL_CONVERSION = YES;
				CLANG_WARN_OBJC_ROOT_CLASS = YES_ERROR;
				CLANG_WARN_RANGE_LOOP_ANALYSIS = YES;
				CLANG_WARN_STRICT_PROTOTYPES = YES;
				CLANG_WARN_SUSPICIOUS_MOVE = YES;
				CLANG_WARN_UNGUARDED_AVAILABILITY = YES_AGGRESSIVE;
				CLANG_WARN_UNREACHABLE_CODE = YES;
				CLANG_WARN__DUPLICATE_METHOD_MATCH = YES;
				CODE_SIGN_IDENTITY = "iPhone Developer";
				COPY_PHASE_STRIP = NO;
				DEBUG_INFORMATION_FORMAT = dwarf;
				ENABLE_STRICT_OBJC_MSGSEND = YES;
				ENABLE_TESTABILITY = YES;
				GCC_C_LANGUAGE_STANDARD = gnu11;
				GCC_DYNAMIC_NO_PIC = NO;
				GCC_NO_COMMON_BLOCKS = YES;
				GCC_OPTIMIZATION_LEVEL = 0;
				GCC_PREPROCESSOR_DEFINITIONS = (
					"DEBUG=1",
					"$(inherited)",
				);
				GCC_WARN_64_TO_32_BIT_CONVERSION = YES;
				GCC_WARN_ABOUT_RETURN_TYPE = YES_ERROR;
				GCC_WARN_UNDECLARED_SELECTOR = YES;
				GCC_WARN_UNINITIALIZED_AUTOS = YES_AGGRESSIVE;
				GCC_WARN_UNUSED_FUNCTION = YES;
				GCC_WARN_UNUSED_VARIABLE = YES;
				IPHONEOS_DEPLOYMENT_TARGET = 12.4;
				MTL_ENABLE_DEBUG_INFO = INCLUDE_SOURCE;
				MTL_FAST_MATH = YES;
				ONLY_ACTIVE_ARCH = YES;
				SDKROOT = iphoneos;
				SWIFT_ACTIVE_COMPILATION_CONDITIONS = DEBUG;
				SWIFT_OPTIMIZATION_LEVEL = "-Onone";
			};
			name = Debug;
		};
		84A6F9D322E92B76000A118F /* Release */ = {
			isa = XCBuildConfiguration;
			buildSettings = {
				ALWAYS_SEARCH_USER_PATHS = NO;
				CLANG_ANALYZER_NONNULL = YES;
				CLANG_ANALYZER_NUMBER_OBJECT_CONVERSION = YES_AGGRESSIVE;
				CLANG_CXX_LANGUAGE_STANDARD = "gnu++14";
				CLANG_CXX_LIBRARY = "libc++";
				CLANG_ENABLE_MODULES = YES;
				CLANG_ENABLE_OBJC_ARC = YES;
				CLANG_ENABLE_OBJC_WEAK = YES;
				CLANG_WARN_BLOCK_CAPTURE_AUTORELEASING = YES;
				CLANG_WARN_BOOL_CONVERSION = YES;
				CLANG_WARN_COMMA = YES;
				CLANG_WARN_CONSTANT_CONVERSION = YES;
				CLANG_WARN_DEPRECATED_OBJC_IMPLEMENTATIONS = YES;
				CLANG_WARN_DIRECT_OBJC_ISA_USAGE = YES_ERROR;
				CLANG_WARN_DOCUMENTATION_COMMENTS = YES;
				CLANG_WARN_EMPTY_BODY = YES;
				CLANG_WARN_ENUM_CONVERSION = YES;
				CLANG_WARN_INFINITE_RECURSION = YES;
				CLANG_WARN_INT_CONVERSION = YES;
				CLANG_WARN_NON_LITERAL_NULL_CONVERSION = YES;
				CLANG_WARN_OBJC_IMPLICIT_RETAIN_SELF = YES;
				CLANG_WARN_OBJC_LITERAL_CONVERSION = YES;
				CLANG_WARN_OBJC_ROOT_CLASS = YES_ERROR;
				CLANG_WARN_RANGE_LOOP_ANALYSIS = YES;
				CLANG_WARN_STRICT_PROTOTYPES = YES;
				CLANG_WARN_SUSPICIOUS_MOVE = YES;
				CLANG_WARN_UNGUARDED_AVAILABILITY = YES_AGGRESSIVE;
				CLANG_WARN_UNREACHABLE_CODE = YES;
				CLANG_WARN__DUPLICATE_METHOD_MATCH = YES;
				CODE_SIGN_IDENTITY = "iPhone Developer";
				COPY_PHASE_STRIP = NO;
				DEBUG_INFORMATION_FORMAT = "dwarf-with-dsym";
				ENABLE_NS_ASSERTIONS = NO;
				ENABLE_STRICT_OBJC_MSGSEND = YES;
				GCC_C_LANGUAGE_STANDARD = gnu11;
				GCC_NO_COMMON_BLOCKS = YES;
				GCC_WARN_64_TO_32_BIT_CONVERSION = YES;
				GCC_WARN_ABOUT_RETURN_TYPE = YES_ERROR;
				GCC_WARN_UNDECLARED_SELECTOR = YES;
				GCC_WARN_UNINITIALIZED_AUTOS = YES_AGGRESSIVE;
				GCC_WARN_UNUSED_FUNCTION = YES;
				GCC_WARN_UNUSED_VARIABLE = YES;
				IPHONEOS_DEPLOYMENT_TARGET = 12.4;
				MTL_ENABLE_DEBUG_INFO = NO;
				MTL_FAST_MATH = YES;
				SDKROOT = iphoneos;
				SWIFT_COMPILATION_MODE = wholemodule;
				SWIFT_OPTIMIZATION_LEVEL = "-O";
				VALIDATE_PRODUCT = YES;
			};
			name = Release;
		};
		84A6F9D522E92B76000A118F /* Debug */ = {
			isa = XCBuildConfiguration;
			buildSettings = {
				ASSETCATALOG_COMPILER_APPICON_NAME = AppIcon;
				CODE_SIGN_STYLE = Automatic;
				INFOPLIST_FILE = Testing/Info.plist;
				IPHONEOS_DEPLOYMENT_TARGET = 9.0;
				LD_RUNPATH_SEARCH_PATHS = (
					"$(inherited)",
					"@executable_path/Frameworks",
				);
				PRODUCT_BUNDLE_IDENTIFIER = com.lalit.Testing;
				PRODUCT_NAME = "$(TARGET_NAME)";
				SWIFT_VERSION = 5.0;
				TARGETED_DEVICE_FAMILY = "1,2";
			};
			name = Debug;
		};
		84A6F9D622E92B76000A118F /* Release */ = {
			isa = XCBuildConfiguration;
			buildSettings = {
				ASSETCATALOG_COMPILER_APPICON_NAME = AppIcon;
				CODE_SIGN_STYLE = Automatic;
				INFOPLIST_FILE = Testing/Info.plist;
				IPHONEOS_DEPLOYMENT_TARGET = 9.0;
				LD_RUNPATH_SEARCH_PATHS = (
					"$(inherited)",
					"@executable_path/Frameworks",
				);
				PRODUCT_BUNDLE_IDENTIFIER = com.lalit.Testing;
				PRODUCT_NAME = "$(TARGET_NAME)";
				SWIFT_VERSION = 5.0;
				TARGETED_DEVICE_FAMILY = "1,2";
			};
			name = Release;
		};
/* End XCBuildConfiguration section */

/* Begin XCConfigurationList section */
		84A6F9BD22E92B73000A118F /* Build configuration list for PBXProject "Testing" */ = {
			isa = XCConfigurationList;
			buildConfigurations = (
				84A6F9D222E92B76000A118F /* Debug */,
				84A6F9D322E92B76000A118F /* Release */,
			);
			defaultConfigurationIsVisible = 0;
			defaultConfigurationName = Release;
		};
		84A6F9D422E92B76000A118F /* Build configuration list for PBXNativeTarget "Testing" */ = {
			isa = XCConfigurationList;
			buildConfigurations = (
				84A6F9D522E92B76000A118F /* Debug */,
				84A6F9D622E92B76000A118F /* Release */,
			);
			defaultConfigurationIsVisible = 0;
			defaultConfigurationName = Release;
		};
/* End XCConfigurationList section */
	};
	rootObject = 84A6F9BA22E92B73000A118F /* Project object */;
}
